
Microsoft Visual Studio Solution File, Format Version 12.00
# Visual Studio 15
VisualStudioVersion = 15.0.28010.2036
MinimumVisualStudioVersion = 10.0.40219.1
Project("{FAE04EC0-301F-11D3-BF4B-00C04F79EFBC}") = "TallerApi.Xamarin.Android", "TallerApi.Xamarin\TallerApi.Xamarin.Android\TallerApi.Xamarin.Android.csproj", "{E443A3C6-ECBC-41A3-8DA4-417B27CD9A4E}"
EndProject
Project("{FAE04EC0-301F-11D3-BF4B-00C04F79EFBC}") = "TallerApi.Xamarin", "TallerApi.Xamarin\TallerApi.Xamarin\TallerApi.Xamarin.csproj", "{7B60B4B9-9CB6-4D72-9D79-55E52B966C02}"
EndProject
Project("{FAE04EC0-301F-11D3-BF4B-00C04F79EFBC}") = "TallerApi.Apis", "TallerApi.Apis\TallerApi.Apis.csproj", "{DBDA9823-E24A-4DF5-ADB1-4FC9F019847A}"
EndProject
Global
	GlobalSection(SolutionConfigurationPlatforms) = preSolution
		Debug|Any CPU = Debug|Any CPU
		Release|Any CPU = Release|Any CPU
	EndGlobalSection
	GlobalSection(ProjectConfigurationPlatforms) = postSolution
		{E443A3C6-ECBC-41A3-8DA4-417B27CD9A4E}.Debug|Any CPU.ActiveCfg = Debug|Any CPU
		{E443A3C6-ECBC-41A3-8DA4-417B27CD9A4E}.Debug|Any CPU.Build.0 = Debug|Any CPU
		{E443A3C6-ECBC-41A3-8DA4-417B27CD9A4E}.Debug|Any CPU.Deploy.0 = Debug|Any CPU
		{E443A3C6-ECBC-41A3-8DA4-417B27CD9A4E}.Release|Any CPU.ActiveCfg = Release|Any CPU
		{E443A3C6-ECBC-41A3-8DA4-417B27CD9A4E}.Release|Any CPU.Build.0 = Release|Any CPU
		{E443A3C6-ECBC-41A3-8DA4-417B27CD9A4E}.Release|Any CPU.Deploy.0 = Release|Any CPU
		{7B60B4B9-9CB6-4D72-9D79-55E52B966C02}.Debug|Any CPU.ActiveCfg = Debug|Any CPU
		{7B60B4B9-9CB6-4D72-9D79-55E52B966C02}.Debug|Any CPU.Build.0 = Debug|Any CPU
		{7B60B4B9-9CB6-4D72-9D79-55E52B966C02}.Debug|Any CPU.Deploy.0 = Debug|Any CPU
		{7B60B4B9-9CB6-4D72-9D79-55E52B966C02}.Release|Any CPU.ActiveCfg = Release|Any CPU
		{7B60B4B9-9CB6-4D72-9D79-55E52B966C02}.Release|Any CPU.Build.0 = Release|Any CPU
		{7B60B4B9-9CB6-4D72-9D79-55E52B966C02}.Release|Any CPU.Deploy.0 = Release|Any CPU
		{DBDA9823-E24A-4DF5-ADB1-4FC9F019847A}.Debug|Any CPU.ActiveCfg = Debug|Any CPU
		{DBDA9823-E24A-4DF5-ADB1-4FC9F019847A}.Debug|Any CPU.Build.0 = Debug|Any CPU
		{DBDA9823-E24A-4DF5-ADB1-4FC9F019847A}.Release|Any CPU.ActiveCfg = Release|Any CPU
		{DBDA9823-E24A-4DF5-ADB1-4FC9F019847A}.Release|Any CPU.Build.0 = Release|Any CPU
	EndGlobalSection
	GlobalSection(SolutionProperties) = preSolution
		HideSolutionNode = FALSE
	EndGlobalSection
	GlobalSection(ExtensibilityGlobals) = postSolution
		SolutionGuid = {DFE12EEF-B8A6-43EB-BED9-4EA35568961A}
	EndGlobalSection
EndGlobal
